
Microsoft Visual Studio Solution File, Format Version 12.00
# Visual Studio Version 16
VisualStudioVersion = 16.0.30011.22
MinimumVisualStudioVersion = 10.0.40219.1
Project("{FAE04EC0-301F-11D3-BF4B-00C04F79EFBC}") = "BeerBar_Rajpal_7thAssnmnt", "BeerBar_Rajpal_7thAssnmnt\BeerBar_Rajpal_7thAssnmnt.csproj", "{A1E699E5-FFCB-4EC1-B306-74CDEC678D72}"
EndProject
Global
	GlobalSection(SolutionConfigurationPlatforms) = preSolution
		Debug|Any CPU = Debug|Any CPU
		Release|Any CPU = Release|Any CPU
	EndGlobalSection
	GlobalSection(ProjectConfigurationPlatforms) = postSolution
		{A1E699E5-FFCB-4EC1-B306-74CDEC678D72}.Debug|Any CPU.ActiveCfg = Debug|Any CPU
		{A1E699E5-FFCB-4EC1-B306-74CDEC678D72}.Debug|Any CPU.Build.0 = Debug|Any CPU
		{A1E699E5-FFCB-4EC1-B306-74CDEC678D72}.Release|Any CPU.ActiveCfg = Release|Any CPU
		{A1E699E5-FFCB-4EC1-B306-74CDEC678D72}.Release|Any CPU.Build.0 = Release|Any CPU
	EndGlobalSection
	GlobalSection(SolutionProperties) = preSolution
		HideSolutionNode = FALSE
	EndGlobalSection
	GlobalSection(ExtensibilityGlobals) = postSolution
		SolutionGuid = {750F5814-8147-49D3-AFBB-66B60E526821}
	EndGlobalSection
EndGlobal
